
Microsoft Visual Studio Solution File, Format Version 11.00
# Visual Studio 2010
Project("{FAE04EC0-301F-11D3-BF4B-00C04F79EFBC}") = "UnityEngine.TestRunner", "UnityEngine.TestRunner.csproj", "{c5333c45-a87f-a42b-800c-26126de9d744}"
EndProject
Project("{FAE04EC0-301F-11D3-BF4B-00C04F79EFBC}") = "AstarPathfindingProject", "AstarPathfindingProject.csproj", "{619f7448-607e-2a8a-5ab5-c3db4c9b4ae7}"
EndProject
Project("{FAE04EC0-301F-11D3-BF4B-00C04F79EFBC}") = "Unity.Timeline", "Unity.Timeline.csproj", "{30311575-ad15-0b81-b1ee-c28dd4fcafa1}"
EndProject
Project("{FAE04EC0-301F-11D3-BF4B-00C04F79EFBC}") = "UnityEngine.UI", "UnityEngine.UI.csproj", "{9f9852be-eeaa-08c1-477f-e31a2091f88e}"
EndProject
Project("{FAE04EC0-301F-11D3-BF4B-00C04F79EFBC}") = "Cinemachine", "Cinemachine.csproj", "{f13019f6-a658-5faa-85c2-a9919b31ac8e}"
EndProject
Project("{FAE04EC0-301F-11D3-BF4B-00C04F79EFBC}") = "Unity.TextMeshPro", "Unity.TextMeshPro.csproj", "{a7015d8d-508a-45b5-8bfc-25ec8b3f9e95}"
EndProject
Project("{FAE04EC0-301F-11D3-BF4B-00C04F79EFBC}") = "Assembly-CSharp", "Assembly-CSharp.csproj", "{8d00b45f-6c02-54b3-5c56-8be13387318b}"
EndProject
Project("{FAE04EC0-301F-11D3-BF4B-00C04F79EFBC}") = "UnityEditor.TestRunner", "UnityEditor.TestRunner.csproj", "{8fafef60-315d-ee43-b61e-1d71a400240a}"
EndProject
Project("{FAE04EC0-301F-11D3-BF4B-00C04F79EFBC}") = "Unity.PlasticSCM.Editor", "Unity.PlasticSCM.Editor.csproj", "{def5e23e-56f7-9c06-5799-b10a967ef978}"
EndProject
Project("{FAE04EC0-301F-11D3-BF4B-00C04F79EFBC}") = "UnityEditor.UI", "UnityEditor.UI.csproj", "{db965779-967a-1fbb-8669-f823ba7bbd46}"
EndProject
Project("{FAE04EC0-301F-11D3-BF4B-00C04F79EFBC}") = "Unity.VisualStudio.Editor", "Unity.VisualStudio.Editor.csproj", "{d703a94d-fa5e-c4ed-52b8-e70260c125d7}"
EndProject
Project("{FAE04EC0-301F-11D3-BF4B-00C04F79EFBC}") = "Unity.Timeline.Editor", "Unity.Timeline.Editor.csproj", "{dbf13efb-12c1-927e-5133-c00a524b45e7}"
EndProject
Project("{FAE04EC0-301F-11D3-BF4B-00C04F79EFBC}") = "com.unity.cinemachine.editor", "com.unity.cinemachine.editor.csproj", "{a92cfff9-b2ae-89cf-6853-55b3bc02f36b}"
EndProject
Project("{FAE04EC0-301F-11D3-BF4B-00C04F79EFBC}") = "Unity.TextMeshPro.Editor", "Unity.TextMeshPro.Editor.csproj", "{53ee3825-9c78-5062-ce12-83d51571e097}"
EndProject
Project("{FAE04EC0-301F-11D3-BF4B-00C04F79EFBC}") = "Unity.CollabProxy.Editor", "Unity.CollabProxy.Editor.csproj", "{943b627c-4922-0bb2-98cd-bdf696ffa8f7}"
EndProject
Project("{FAE04EC0-301F-11D3-BF4B-00C04F79EFBC}") = "Unity.Rider.Editor", "Unity.Rider.Editor.csproj", "{8a97718d-0e9b-7e96-57c7-cc994a4fdbe2}"
EndProject
Project("{FAE04EC0-301F-11D3-BF4B-00C04F79EFBC}") = "PackageToolsEditor", "PackageToolsEditor.csproj", "{78afa25b-ccc4-4b32-2f32-7058a3ac9009}"
EndProject
Project("{FAE04EC0-301F-11D3-BF4B-00C04F79EFBC}") = "Unity.2D.Tilemap.Editor", "Unity.2D.Tilemap.Editor.csproj", "{c7b21049-6fc7-d1b8-853a-7cf48fc1a547}"
EndProject
Project("{FAE04EC0-301F-11D3-BF4B-00C04F79EFBC}") = "Unity.VSCode.Editor", "Unity.VSCode.Editor.csproj", "{b68aebd0-37be-2074-4abe-f044fccbd96b}"
EndProject
Project("{FAE04EC0-301F-11D3-BF4B-00C04F79EFBC}") = "AstarPathfindingProjectEditor", "AstarPathfindingProjectEditor.csproj", "{652bb44f-e9a8-dae8-b7d9-f1d80eff3549}"
EndProject
Global
	GlobalSection(SolutionConfigurationPlatforms) = preSolution
		Debug|Any CPU = Debug|Any CPU
	EndGlobalSection
	GlobalSection(ProjectConfigurationPlatforms) = postSolution
		{c5333c45-a87f-a42b-800c-26126de9d744}.Debug|Any CPU.ActiveCfg = Debug|Any CPU
		{c5333c45-a87f-a42b-800c-26126de9d744}.Debug|Any CPU.Build.0 = Debug|Any CPU
		{619f7448-607e-2a8a-5ab5-c3db4c9b4ae7}.Debug|Any CPU.ActiveCfg = Debug|Any CPU
		{619f7448-607e-2a8a-5ab5-c3db4c9b4ae7}.Debug|Any CPU.Build.0 = Debug|Any CPU
		{30311575-ad15-0b81-b1ee-c28dd4fcafa1}.Debug|Any CPU.ActiveCfg = Debug|Any CPU
		{30311575-ad15-0b81-b1ee-c28dd4fcafa1}.Debug|Any CPU.Build.0 = Debug|Any CPU
		{9f9852be-eeaa-08c1-477f-e31a2091f88e}.Debug|Any CPU.ActiveCfg = Debug|Any CPU
		{9f9852be-eeaa-08c1-477f-e31a2091f88e}.Debug|Any CPU.Build.0 = Debug|Any CPU
		{f13019f6-a658-5faa-85c2-a9919b31ac8e}.Debug|Any CPU.ActiveCfg = Debug|Any CPU
		{f13019f6-a658-5faa-85c2-a9919b31ac8e}.Debug|Any CPU.Build.0 = Debug|Any CPU
		{a7015d8d-508a-45b5-8bfc-25ec8b3f9e95}.Debug|Any CPU.ActiveCfg = Debug|Any CPU
		{a7015d8d-508a-45b5-8bfc-25ec8b3f9e95}.Debug|Any CPU.Build.0 = Debug|Any CPU
		{8d00b45f-6c02-54b3-5c56-8be13387318b}.Debug|Any CPU.ActiveCfg = Debug|Any CPU
		{8d00b45f-6c02-54b3-5c56-8be13387318b}.Debug|Any CPU.Build.0 = Debug|Any CPU
		{8fafef60-315d-ee43-b61e-1d71a400240a}.Debug|Any CPU.ActiveCfg = Debug|Any CPU
		{8fafef60-315d-ee43-b61e-1d71a400240a}.Debug|Any CPU.Build.0 = Debug|Any CPU
		{def5e23e-56f7-9c06-5799-b10a967ef978}.Debug|Any CPU.ActiveCfg = Debug|Any CPU
		{def5e23e-56f7-9c06-5799-b10a967ef978}.Debug|Any CPU.Build.0 = Debug|Any CPU
		{db965779-967a-1fbb-8669-f823ba7bbd46}.Debug|Any CPU.ActiveCfg = Debug|Any CPU
		{db965779-967a-1fbb-8669-f823ba7bbd46}.Debug|Any CPU.Build.0 = Debug|Any CPU
		{d703a94d-fa5e-c4ed-52b8-e70260c125d7}.Debug|Any CPU.ActiveCfg = Debug|Any CPU
		{d703a94d-fa5e-c4ed-52b8-e70260c125d7}.Debug|Any CPU.Build.0 = Debug|Any CPU
		{dbf13efb-12c1-927e-5133-c00a524b45e7}.Debug|Any CPU.ActiveCfg = Debug|Any CPU
		{dbf13efb-12c1-927e-5133-c00a524b45e7}.Debug|Any CPU.Build.0 = Debug|Any CPU
		{a92cfff9-b2ae-89cf-6853-55b3bc02f36b}.Debug|Any CPU.ActiveCfg = Debug|Any CPU
		{a92cfff9-b2ae-89cf-6853-55b3bc02f36b}.Debug|Any CPU.Build.0 = Debug|Any CPU
		{53ee3825-9c78-5062-ce12-83d51571e097}.Debug|Any CPU.ActiveCfg = Debug|Any CPU
		{53ee3825-9c78-5062-ce12-83d51571e097}.Debug|Any CPU.Build.0 = Debug|Any CPU
		{943b627c-4922-0bb2-98cd-bdf696ffa8f7}.Debug|Any CPU.ActiveCfg = Debug|Any CPU
		{943b627c-4922-0bb2-98cd-bdf696ffa8f7}.Debug|Any CPU.Build.0 = Debug|Any CPU
		{8a97718d-0e9b-7e96-57c7-cc994a4fdbe2}.Debug|Any CPU.ActiveCfg = Debug|Any CPU
		{8a97718d-0e9b-7e96-57c7-cc994a4fdbe2}.Debug|Any CPU.Build.0 = Debug|Any CPU
		{78afa25b-ccc4-4b32-2f32-7058a3ac9009}.Debug|Any CPU.ActiveCfg = Debug|Any CPU
		{78afa25b-ccc4-4b32-2f32-7058a3ac9009}.Debug|Any CPU.Build.0 = Debug|Any CPU
		{c7b21049-6fc7-d1b8-853a-7cf48fc1a547}.Debug|Any CPU.ActiveCfg = Debug|Any CPU
		{c7b21049-6fc7-d1b8-853a-7cf48fc1a547}.Debug|Any CPU.Build.0 = Debug|Any CPU
		{b68aebd0-37be-2074-4abe-f044fccbd96b}.Debug|Any CPU.ActiveCfg = Debug|Any CPU
		{b68aebd0-37be-2074-4abe-f044fccbd96b}.Debug|Any CPU.Build.0 = Debug|Any CPU
		{652bb44f-e9a8-dae8-b7d9-f1d80eff3549}.Debug|Any CPU.ActiveCfg = Debug|Any CPU
		{652bb44f-e9a8-dae8-b7d9-f1d80eff3549}.Debug|Any CPU.Build.0 = Debug|Any CPU
	EndGlobalSection
	GlobalSection(SolutionProperties) = preSolution
		HideSolutionNode = FALSE
	EndGlobalSection
EndGlobal
